PODS:
  - KeychainAccess (4.2.2)
  - TwitchAPIWrapper (1.0.0):
    - KeychainAccess (~> 4.2)

DEPENDENCIES:
  - TwitchAPIWrapper (from `../`)

SPEC REPOS:
  trunk:
    - KeychainAccess

EXTERNAL SOURCES:
  TwitchAPIWrapper:
    :path: "../"

SPEC CHECKSUMS:
  KeychainAccess: c0c4f7f38f6fc7bbe58f5702e25f7bd2f65abf51
  TwitchAPIWrapper: ab281c9e6775a740490e3469986a659253b93fd8

PODFILE CHECKSUM: 2065fd6e3822cc193f6167776887434e8f0e717a

COCOAPODS: 1.10.2
