// !$*UTF8*$!
{
	archiveVersion = 1;
	classes = {
	};
	objectVersion = 46;
	objects = {

/* Begin PBXBuildFile section */
		2E34BC0E263F489900C81949 /* GameViewController.swift in Sources */ = {isa = PBXBuildFile; fileRef = 2E34BC0D263F489900C81949 /* GameViewController.swift */; };
		2E91AD90265E09F10058BF70 /* XCAssertUtils.swift in Sources */ = {isa = PBXBuildFile; fileRef = 2E91AD8F265E09F10058BF70 /* XCAssertUtils.swift */; };
		2E91AD94265E0A8E0058BF70 /* GetVideoResponseTests.swift in Sources */ = {isa = PBXBuildFile; fileRef = 2E91AD93265E0A8E0058BF70 /* GetVideoResponseTests.swift */; };
		2E91AD972661FA0C0058BF70 /* Fixtures.swift in Sources */ = {isa = PBXBuildFile; fileRef = 2E91AD962661FA0C0058BF70 /* Fixtures.swift */; };
		2E91AD9A2661FAA90058BF70 /* Video.json in Resources */ = {isa = PBXBuildFile; fileRef = 2E91AD992661FAA90058BF70 /* Video.json */; };
		2E91AD9C2661FF880058BF70 /* WebhookSubscriptionsRequestTests.swift in Sources */ = {isa = PBXBuildFile; fileRef = 2E91AD9B2661FF880058BF70 /* WebhookSubscriptionsRequestTests.swift */; };
		2E91AD9E266203490058BF70 /* WebhookSubscriptionsResponseTests.swift in Sources */ = {isa = PBXBuildFile; fileRef = 2E91AD9D266203490058BF70 /* WebhookSubscriptionsResponseTests.swift */; };
		2E91ADA0266203E50058BF70 /* WebhookSubscription.json in Resources */ = {isa = PBXBuildFile; fileRef = 2E91AD9F266203E50058BF70 /* WebhookSubscription.json */; };
		2E91ADA22662092D0058BF70 /* DeleteVideoRequestTests.swift in Sources */ = {isa = PBXBuildFile; fileRef = 2E91ADA12662092D0058BF70 /* DeleteVideoRequestTests.swift */; };
		2E91ADA4266211B40058BF70 /* DeleteVideoResponseTests.swift in Sources */ = {isa = PBXBuildFile; fileRef = 2E91ADA3266211B40058BF70 /* DeleteVideoResponseTests.swift */; };
		2E91ADA8266213380058BF70 /* DeleteVideo.json in Resources */ = {isa = PBXBuildFile; fileRef = 2E91ADA7266213380058BF70 /* DeleteVideo.json */; };
		2E91ADAA266495490058BF70 /* UpdateUserExtensionRequestTests.swift in Sources */ = {isa = PBXBuildFile; fileRef = 2E91ADA9266495490058BF70 /* UpdateUserExtensionRequestTests.swift */; };
		2E91ADAC266496450058BF70 /* UserActiveExtensions.json in Resources */ = {isa = PBXBuildFile; fileRef = 2E91ADAB266496450058BF70 /* UserActiveExtensions.json */; };
		2E91ADAE266496720058BF70 /* UserActiveExtensionResponseTests.swift in Sources */ = {isa = PBXBuildFile; fileRef = 2E91ADAD266496720058BF70 /* UserActiveExtensionResponseTests.swift */; };
		2E91ADB0266727780058BF70 /* UserActiveExtensionsRequestTests.swift in Sources */ = {isa = PBXBuildFile; fileRef = 2E91ADAF266727780058BF70 /* UserActiveExtensionsRequestTests.swift */; };
		2E91ADB2266728B90058BF70 /* UserExtensionRequestTests.swift in Sources */ = {isa = PBXBuildFile; fileRef = 2E91ADB1266728B90058BF70 /* UserExtensionRequestTests.swift */; };
		2E91ADB4266729AC0058BF70 /* UserExtensionsResponseTests.swift in Sources */ = {isa = PBXBuildFile; fileRef = 2E91ADB3266729AC0058BF70 /* UserExtensionsResponseTests.swift */; };
		2E91ADB626672A1B0058BF70 /* UserExtensions.json in Resources */ = {isa = PBXBuildFile; fileRef = 2E91ADB526672A1B0058BF70 /* UserExtensions.json */; };
		2E91ADB826672F130058BF70 /* UnblockUserRequestTests.swift in Sources */ = {isa = PBXBuildFile; fileRef = 2E91ADB726672F130058BF70 /* UnblockUserRequestTests.swift */; };
		2E91ADBC2667307E0058BF70 /* EmptyResponse.json in Resources */ = {isa = PBXBuildFile; fileRef = 2E91ADBB2667307E0058BF70 /* EmptyResponse.json */; };
		2E91ADBE2667337C0058BF70 /* BlockUserRequestTests.swift in Sources */ = {isa = PBXBuildFile; fileRef = 2E91ADBD2667337C0058BF70 /* BlockUserRequestTests.swift */; };
		2E9FD0A6261FF85E001BAC99 /* UserViewController.swift in Sources */ = {isa = PBXBuildFile; fileRef = 2E9FD0A5261FF85E001BAC99 /* UserViewController.swift */; };
		2E9FD0AA261FF86E001BAC99 /* ClipViewController.swift in Sources */ = {isa = PBXBuildFile; fileRef = 2E9FD0A9261FF86E001BAC99 /* ClipViewController.swift */; };
		2E9FD1D82627E12B001BAC99 /* Environment.plist in Resources */ = {isa = PBXBuildFile; fileRef = 2E9FD1D62627E12B001BAC99 /* Environment.plist */; };
		607FACD61AFB9204008FA782 /* AppDelegate.swift in Sources */ = {isa = PBXBuildFile; fileRef = 607FACD51AFB9204008FA782 /* AppDelegate.swift */; };
		607FACD81AFB9204008FA782 /* ViewController.swift in Sources */ = {isa = PBXBuildFile; fileRef = 607FACD71AFB9204008FA782 /* ViewController.swift */; };
		607FACDB1AFB9204008FA782 /* Main.storyboard in Resources */ = {isa = PBXBuildFile; fileRef = 607FACD91AFB9204008FA782 /* Main.storyboard */; };
		607FACDD1AFB9204008FA782 /* Images.xcassets in Resources */ = {isa = PBXBuildFile; fileRef = 607FACDC1AFB9204008FA782 /* Images.xcassets */; };
		607FACE01AFB9204008FA782 /* LaunchScreen.xib in Resources */ = {isa = PBXBuildFile; fileRef = 607FACDE1AFB9204008FA782 /* LaunchScreen.xib */; };
		607FACEC1AFB9204008FA782 /* VideoRequestTests.swift in Sources */ = {isa = PBXBuildFile; fileRef = 607FACEB1AFB9204008FA782 /* VideoRequestTests.swift */; };
		B9CE9AB7B03B07AB086663E9 /* Pods_TwitchAPIWrapper_Example.framework in Frameworks */ = {isa = PBXBuildFile; fileRef = E7E63CB6DBAAE4D8497CD1AC /* Pods_TwitchAPIWrapper_Example.framework */; };
		E81E1F5F3B891A4F685D00BA /* Pods_TwitchAPIWrapper_Tests.framework in Frameworks */ = {isa = PBXBuildFile; fileRef = 69C9544016D674436EF5FE05 /* Pods_TwitchAPIWrapper_Tests.framework */; };
/* End PBXBuildFile section */

/* Begin PBXContainerItemProxy section */
		607FACE61AFB9204008FA782 /* PBXContainerItemProxy */ = {
			isa = PBXContainerItemProxy;
			containerPortal = 607FACC81AFB9204008FA782 /* Project object */;
			proxyType = 1;
			remoteGlobalIDString = 607FACCF1AFB9204008FA782;
			remoteInfo = TwitchAPIWrapper;
		};
/* End PBXContainerItemProxy section */

/* Begin PBXFileReference section */
		2620FEBC22D18AF6A8B9A910 /* Pods-TwitchAPIWrapper_Example.release.xcconfig */ = {isa = PBXFileReference; includeInIndex = 1; lastKnownFileType = text.xcconfig; name = "Pods-TwitchAPIWrapper_Example.release.xcconfig"; path = "Target Support Files/Pods-TwitchAPIWrapper_Example/Pods-TwitchAPIWrapper_Example.release.xcconfig"; sourceTree = "<group>"; };
		2E34BC0D263F489900C81949 /* GameViewController.swift */ = {isa = PBXFileReference; lastKnownFileType = sourcecode.swift; path = GameViewController.swift; sourceTree = "<group>"; };
		2E91AD8F265E09F10058BF70 /* XCAssertUtils.swift */ = {isa = PBXFileReference; lastKnownFileType = sourcecode.swift; path = XCAssertUtils.swift; sourceTree = "<group>"; };
		2E91AD93265E0A8E0058BF70 /* GetVideoResponseTests.swift */ = {isa = PBXFileReference; lastKnownFileType = sourcecode.swift; path = GetVideoResponseTests.swift; sourceTree = "<group>"; };
		2E91AD962661FA0C0058BF70 /* Fixtures.swift */ = {isa = PBXFileReference; lastKnownFileType = sourcecode.swift; path = Fixtures.swift; sourceTree = "<group>"; };
		2E91AD992661FAA90058BF70 /* Video.json */ = {isa = PBXFileReference; lastKnownFileType = text.json; path = Video.json; sourceTree = "<group>"; };
		2E91AD9B2661FF880058BF70 /* WebhookSubscriptionsRequestTests.swift */ = {isa = PBXFileReference; lastKnownFileType = sourcecode.swift; path = WebhookSubscriptionsRequestTests.swift; sourceTree = "<group>"; };
		2E91AD9D266203490058BF70 /* WebhookSubscriptionsResponseTests.swift */ = {isa = PBXFileReference; lastKnownFileType = sourcecode.swift; path = WebhookSubscriptionsResponseTests.swift; sourceTree = "<group>"; };
		2E91AD9F266203E50058BF70 /* WebhookSubscription.json */ = {isa = PBXFileReference; lastKnownFileType = text.json; path = WebhookSubscription.json; sourceTree = "<group>"; };
		2E91ADA12662092D0058BF70 /* DeleteVideoRequestTests.swift */ = {isa = PBXFileReference; lastKnownFileType = sourcecode.swift; path = DeleteVideoRequestTests.swift; sourceTree = "<group>"; };
		2E91ADA3266211B40058BF70 /* DeleteVideoResponseTests.swift */ = {isa = PBXFileReference; lastKnownFileType = sourcecode.swift; path = DeleteVideoResponseTests.swift; sourceTree = "<group>"; };
		2E91ADA7266213380058BF70 /* DeleteVideo.json */ = {isa = PBXFileReference; lastKnownFileType = text.json; path = DeleteVideo.json; sourceTree = "<group>"; };
		2E91ADA9266495490058BF70 /* UpdateUserExtensionRequestTests.swift */ = {isa = PBXFileReference; lastKnownFileType = sourcecode.swift; path = UpdateUserExtensionRequestTests.swift; sourceTree = "<group>"; };
		2E91ADAB266496450058BF70 /* UserActiveExtensions.json */ = {isa = PBXFileReference; lastKnownFileType = text.json; path = UserActiveExtensions.json; sourceTree = "<group>"; };
		2E91ADAD266496720058BF70 /* UserActiveExtensionResponseTests.swift */ = {isa = PBXFileReference; lastKnownFileType = sourcecode.swift; path = UserActiveExtensionResponseTests.swift; sourceTree = "<group>"; };
		2E91ADAF266727780058BF70 /* UserActiveExtensionsRequestTests.swift */ = {isa = PBXFileReference; lastKnownFileType = sourcecode.swift; path = UserActiveExtensionsRequestTests.swift; sourceTree = "<group>"; };
		2E91ADB1266728B90058BF70 /* UserExtensionRequestTests.swift */ = {isa = PBXFileReference; lastKnownFileType = sourcecode.swift; path = UserExtensionRequestTests.swift; sourceTree = "<group>"; };
		2E91ADB3266729AC0058BF70 /* UserExtensionsResponseTests.swift */ = {isa = PBXFileReference; lastKnownFileType = sourcecode.swift; path = UserExtensionsResponseTests.swift; sourceTree = "<group>"; };
		2E91ADB526672A1B0058BF70 /* UserExtensions.json */ = {isa = PBXFileReference; lastKnownFileType = text.json; path = UserExtensions.json; sourceTree = "<group>"; };
		2E91ADB726672F130058BF70 /* UnblockUserRequestTests.swift */ = {isa = PBXFileReference; lastKnownFileType = sourcecode.swift; path = UnblockUserRequestTests.swift; sourceTree = "<group>"; };
		2E91ADBB2667307E0058BF70 /* EmptyResponse.json */ = {isa = PBXFileReference; lastKnownFileType = text.json; path = EmptyResponse.json; sourceTree = "<group>"; };
		2E91ADBD2667337C0058BF70 /* BlockUserRequestTests.swift */ = {isa = PBXFileReference; lastKnownFileType = sourcecode.swift; path = BlockUserRequestTests.swift; sourceTree = "<group>"; };
		2E9FD0A5261FF85E001BAC99 /* UserViewController.swift */ = {isa = PBXFileReference; fileEncoding = 4; lastKnownFileType = sourcecode.swift; path = UserViewController.swift; sourceTree = "<group>"; };
		2E9FD0A9261FF86E001BAC99 /* ClipViewController.swift */ = {isa = PBXFileReference; fileEncoding = 4; lastKnownFileType = sourcecode.swift; path = ClipViewController.swift; sourceTree = "<group>"; };
		2E9FD1D62627E12B001BAC99 /* Environment.plist */ = {isa = PBXFileReference; fileEncoding = 4; lastKnownFileType = text.plist.xml; path = Environment.plist; sourceTree = "<group>"; };
		2E9FD1D72627E12B001BAC99 /* Example.entitlements */ = {isa = PBXFileReference; fileEncoding = 4; lastKnownFileType = text.plist.entitlements; path = Example.entitlements; sourceTree = "<group>"; };
		47E87CE22BF5EE831B50ABEC /* LICENSE */ = {isa = PBXFileReference; includeInIndex = 1; lastKnownFileType = text; name = LICENSE; path = ../LICENSE; sourceTree = "<group>"; };
		607FACD01AFB9204008FA782 /* TwitchAPIWrapper_Example.app */ = {isa = PBXFileReference; explicitFileType = wrapper.application; includeInIndex = 0; path = TwitchAPIWrapper_Example.app; sourceTree = BUILT_PRODUCTS_DIR; };
		607FACD41AFB9204008FA782 /* Info.plist */ = {isa = PBXFileReference; lastKnownFileType = text.plist.xml; path = Info.plist; sourceTree = "<group>"; };
		607FACD51AFB9204008FA782 /* AppDelegate.swift */ = {isa = PBXFileReference; lastKnownFileType = sourcecode.swift; path = AppDelegate.swift; sourceTree = "<group>"; };
		607FACD71AFB9204008FA782 /* ViewController.swift */ = {isa = PBXFileReference; lastKnownFileType = sourcecode.swift; path = ViewController.swift; sourceTree = "<group>"; };
		607FACDA1AFB9204008FA782 /* Base */ = {isa = PBXFileReference; lastKnownFileType = file.storyboard; name = Base; path = Base.lproj/Main.storyboard; sourceTree = "<group>"; };
		607FACDC1AFB9204008FA782 /* Images.xcassets */ = {isa = PBXFileReference; lastKnownFileType = folder.assetcatalog; path = Images.xcassets; sourceTree = "<group>"; };
		607FACDF1AFB9204008FA782 /* Base */ = {isa = PBXFileReference; lastKnownFileType = file.xib; name = Base; path = Base.lproj/LaunchScreen.xib; sourceTree = "<group>"; };
		607FACE51AFB9204008FA782 /* TwitchAPIWrapper_Tests.xctest */ = {isa = PBXFileReference; explicitFileType = wrapper.cfbundle; includeInIndex = 0; path = TwitchAPIWrapper_Tests.xctest; sourceTree = BUILT_PRODUCTS_DIR; };
		607FACEA1AFB9204008FA782 /* Info.plist */ = {isa = PBXFileReference; lastKnownFileType = text.plist.xml; path = Info.plist; sourceTree = "<group>"; };
		607FACEB1AFB9204008FA782 /* VideoRequestTests.swift */ = {isa = PBXFileReference; lastKnownFileType = sourcecode.swift; path = VideoRequestTests.swift; sourceTree = "<group>"; };
		69C9544016D674436EF5FE05 /* Pods_TwitchAPIWrapper_Tests.framework */ = {isa = PBXFileReference; explicitFileType = wrapper.framework; includeInIndex = 0; path = Pods_TwitchAPIWrapper_Tests.framework; sourceTree = BUILT_PRODUCTS_DIR; };
		6F44EBA0CE77D26A7F6A9BE2 /* Pods-TwitchAPIWrapper_Tests.release.xcconfig */ = {isa = PBXFileReference; includeInIndex = 1; lastKnownFileType = text.xcconfig; name = "Pods-TwitchAPIWrapper_Tests.release.xcconfig"; path = "Target Support Files/Pods-TwitchAPIWrapper_Tests/Pods-TwitchAPIWrapper_Tests.release.xcconfig"; sourceTree = "<group>"; };
		9391E8128D97EA230ACFCA3D /* TwitchAPIWrapper.podspec */ = {isa = PBXFileReference; includeInIndex = 1; lastKnownFileType = text; name = TwitchAPIWrapper.podspec; path = ../TwitchAPIWrapper.podspec; sourceTree = "<group>"; xcLanguageSpecificationIdentifier = xcode.lang.ruby; };
		9520778B27EDACE7ACEC8FE8 /* Pods-TwitchAPIWrapper_Example.debug.xcconfig */ = {isa = PBXFileReference; includeInIndex = 1; lastKnownFileType = text.xcconfig; name = "Pods-TwitchAPIWrapper_Example.debug.xcconfig"; path = "Target Support Files/Pods-TwitchAPIWrapper_Example/Pods-TwitchAPIWrapper_Example.debug.xcconfig"; sourceTree = "<group>"; };
		AEA0B669A3D9F2BF4E7EF213 /* Pods-TwitchAPIWrapper_Tests.debug.xcconfig */ = {isa = PBXFileReference; includeInIndex = 1; lastKnownFileType = text.xcconfig; name = "Pods-TwitchAPIWrapper_Tests.debug.xcconfig"; path = "Target Support Files/Pods-TwitchAPIWrapper_Tests/Pods-TwitchAPIWrapper_Tests.debug.xcconfig"; sourceTree = "<group>"; };
		CED0CE4B7A1F13D3A3B90750 /* README.md */ = {isa = PBXFileReference; includeInIndex = 1; lastKnownFileType = net.daringfireball.markdown; name = README.md; path = ../README.md; sourceTree = "<group>"; };
		E7E63CB6DBAAE4D8497CD1AC /* Pods_TwitchAPIWrapper_Example.framework */ = {isa = PBXFileReference; explicitFileType = wrapper.framework; includeInIndex = 0; path = Pods_TwitchAPIWrapper_Example.framework; sourceTree = BUILT_PRODUCTS_DIR; };
/* End PBXFileReference section */

/* Begin PBXFrameworksBuildPhase section */
		607FACCD1AFB9204008FA782 /* Frameworks */ = {
			isa = PBXFrameworksBuildPhase;
			buildActionMask = 2147483647;
			files = (
				B9CE9AB7B03B07AB086663E9 /* Pods_TwitchAPIWrapper_Example.framework in Frameworks */,
			);
			runOnlyForDeploymentPostprocessing = 0;
		};
		607FACE21AFB9204008FA782 /* Frameworks */ = {
			isa = PBXFrameworksBuildPhase;
			buildActionMask = 2147483647;
			files = (
				E81E1F5F3B891A4F685D00BA /* Pods_TwitchAPIWrapper_Tests.framework in Frameworks */,
			);
			runOnlyForDeploymentPostprocessing = 0;
		};
/* End PBXFrameworksBuildPhase section */

/* Begin PBXGroup section */
		2E91AD91265E0A350058BF70 /* Request Tests */ = {
			isa = PBXGroup;
			children = (
				2E91ADBD2667337C0058BF70 /* BlockUserRequestTests.swift */,
				2E91ADA12662092D0058BF70 /* DeleteVideoRequestTests.swift */,
				607FACEB1AFB9204008FA782 /* VideoRequestTests.swift */,
				2E91AD9B2661FF880058BF70 /* WebhookSubscriptionsRequestTests.swift */,
				2E91ADB726672F130058BF70 /* UnblockUserRequestTests.swift */,
				2E91ADA9266495490058BF70 /* UpdateUserExtensionRequestTests.swift */,
				2E91ADAF266727780058BF70 /* UserActiveExtensionsRequestTests.swift */,
				2E91ADB1266728B90058BF70 /* UserExtensionRequestTests.swift */,
			);
			path = "Request Tests";
			sourceTree = "<group>";
		};
		2E91AD92265E0A750058BF70 /* Response Tests */ = {
			isa = PBXGroup;
			children = (
				2E91ADA3266211B40058BF70 /* DeleteVideoResponseTests.swift */,
				2E91AD93265E0A8E0058BF70 /* GetVideoResponseTests.swift */,
				2E91ADAD266496720058BF70 /* UserActiveExtensionResponseTests.swift */,
				2E91ADB3266729AC0058BF70 /* UserExtensionsResponseTests.swift */,
				2E91AD9D266203490058BF70 /* WebhookSubscriptionsResponseTests.swift */,
			);
			path = "Response Tests";
			sourceTree = "<group>";
		};
		2E91AD952661F9FA0058BF70 /* Fixtures */ = {
			isa = PBXGroup;
			children = (
				2E91AD982661FA190058BF70 /* FixtureData */,
				2E91AD962661FA0C0058BF70 /* Fixtures.swift */,
			);
			path = Fixtures;
			sourceTree = "<group>";
		};
		2E91AD982661FA190058BF70 /* FixtureData */ = {
			isa = PBXGroup;
			children = (
				2E91ADA7266213380058BF70 /* DeleteVideo.json */,
				2E91ADBB2667307E0058BF70 /* EmptyResponse.json */,
				2E91ADAB266496450058BF70 /* UserActiveExtensions.json */,
				2E91ADB526672A1B0058BF70 /* UserExtensions.json */,
				2E91AD992661FAA90058BF70 /* Video.json */,
				2E91AD9F266203E50058BF70 /* WebhookSubscription.json */,
			);
			path = FixtureData;
			sourceTree = "<group>";
		};
		58F587E758C4068A0C4D692D /* Pods */ = {
			isa = PBXGroup;
			children = (
				9520778B27EDACE7ACEC8FE8 /* Pods-TwitchAPIWrapper_Example.debug.xcconfig */,
				2620FEBC22D18AF6A8B9A910 /* Pods-TwitchAPIWrapper_Example.release.xcconfig */,
				AEA0B669A3D9F2BF4E7EF213 /* Pods-TwitchAPIWrapper_Tests.debug.xcconfig */,
				6F44EBA0CE77D26A7F6A9BE2 /* Pods-TwitchAPIWrapper_Tests.release.xcconfig */,
			);
			path = Pods;
			sourceTree = "<group>";
		};
		607FACC71AFB9204008FA782 = {
			isa = PBXGroup;
			children = (
				607FACF51AFB993E008FA782 /* Podspec Metadata */,
				607FACD21AFB9204008FA782 /* Example for TwitchAPIWrapper */,
				607FACE81AFB9204008FA782 /* Tests */,
				607FACD11AFB9204008FA782 /* Products */,
				58F587E758C4068A0C4D692D /* Pods */,
				ED601FEBF3FB3DFF395DFF0A /* Frameworks */,
			);
			sourceTree = "<group>";
		};
		607FACD11AFB9204008FA782 /* Products */ = {
			isa = PBXGroup;
			children = (
				607FACD01AFB9204008FA782 /* TwitchAPIWrapper_Example.app */,
				607FACE51AFB9204008FA782 /* TwitchAPIWrapper_Tests.xctest */,
			);
			name = Products;
			sourceTree = "<group>";
		};
		607FACD21AFB9204008FA782 /* Example for TwitchAPIWrapper */ = {
			isa = PBXGroup;
			children = (
				607FACD51AFB9204008FA782 /* AppDelegate.swift */,
				607FACD71AFB9204008FA782 /* ViewController.swift */,
				2E9FD0A5261FF85E001BAC99 /* UserViewController.swift */,
				2E9FD0A9261FF86E001BAC99 /* ClipViewController.swift */,
				2E34BC0D263F489900C81949 /* GameViewController.swift */,
				607FACD91AFB9204008FA782 /* Main.storyboard */,
				607FACDC1AFB9204008FA782 /* Images.xcassets */,
				607FACDE1AFB9204008FA782 /* LaunchScreen.xib */,
				607FACD31AFB9204008FA782 /* Supporting Files */,
			);
			name = "Example for TwitchAPIWrapper";
			path = TwitchAPIWrapper;
			sourceTree = "<group>";
		};
		607FACD31AFB9204008FA782 /* Supporting Files */ = {
			isa = PBXGroup;
			children = (
				607FACD41AFB9204008FA782 /* Info.plist */,
				2E9FD1D62627E12B001BAC99 /* Environment.plist */,
				2E9FD1D72627E12B001BAC99 /* Example.entitlements */,
			);
			name = "Supporting Files";
			sourceTree = "<group>";
		};
		607FACE81AFB9204008FA782 /* Tests */ = {
			isa = PBXGroup;
			children = (
				2E91AD952661F9FA0058BF70 /* Fixtures */,
				2E91AD92265E0A750058BF70 /* Response Tests */,
				2E91AD91265E0A350058BF70 /* Request Tests */,
				607FACE91AFB9204008FA782 /* Supporting Files */,
				2E91AD8F265E09F10058BF70 /* XCAssertUtils.swift */,
			);
			path = Tests;
			sourceTree = "<group>";
		};
		607FACE91AFB9204008FA782 /* Supporting Files */ = {
			isa = PBXGroup;
			children = (
				607FACEA1AFB9204008FA782 /* Info.plist */,
			);
			name = "Supporting Files";
			sourceTree = "<group>";
		};
		607FACF51AFB993E008FA782 /* Podspec Metadata */ = {
			isa = PBXGroup;
			children = (
				9391E8128D97EA230ACFCA3D /* TwitchAPIWrapper.podspec */,
				CED0CE4B7A1F13D3A3B90750 /* README.md */,
				47E87CE22BF5EE831B50ABEC /* LICENSE */,
			);
			name = "Podspec Metadata";
			sourceTree = "<group>";
		};
		ED601FEBF3FB3DFF395DFF0A /* Frameworks */ = {
			isa = PBXGroup;
			children = (
				E7E63CB6DBAAE4D8497CD1AC /* Pods_TwitchAPIWrapper_Example.framework */,
				69C9544016D674436EF5FE05 /* Pods_TwitchAPIWrapper_Tests.framework */,
			);
			name = Frameworks;
			sourceTree = "<group>";
		};
/* End PBXGroup section */

/* Begin PBXNativeTarget section */
		607FACCF1AFB9204008FA782 /* TwitchAPIWrapper_Example */ = {
			isa = PBXNativeTarget;
			buildConfigurationList = 607FACEF1AFB9204008FA782 /* Build configuration list for PBXNativeTarget "TwitchAPIWrapper_Example" */;
			buildPhases = (
				9C7032338169FD1341B0A753 /* [CP] Check Pods Manifest.lock */,
				607FACCC1AFB9204008FA782 /* Sources */,
				607FACCD1AFB9204008FA782 /* Frameworks */,
				607FACCE1AFB9204008FA782 /* Resources */,
				E3F32910B79791CA17C5C240 /* [CP] Embed Pods Frameworks */,
			);
			buildRules = (
			);
			dependencies = (
			);
			name = TwitchAPIWrapper_Example;
			productName = TwitchAPIWrapper;
			productReference = 607FACD01AFB9204008FA782 /* TwitchAPIWrapper_Example.app */;
			productType = "com.apple.product-type.application";
		};
		607FACE41AFB9204008FA782 /* TwitchAPIWrapper_Tests */ = {
			isa = PBXNativeTarget;
			buildConfigurationList = 607FACF21AFB9204008FA782 /* Build configuration list for PBXNativeTarget "TwitchAPIWrapper_Tests" */;
			buildPhases = (
				739B4F62B045CD728D382EB4 /* [CP] Check Pods Manifest.lock */,
				607FACE11AFB9204008FA782 /* Sources */,
				607FACE21AFB9204008FA782 /* Frameworks */,
				607FACE31AFB9204008FA782 /* Resources */,
			);
			buildRules = (
			);
			dependencies = (
				607FACE71AFB9204008FA782 /* PBXTargetDependency */,
			);
			name = TwitchAPIWrapper_Tests;
			productName = Tests;
			productReference = 607FACE51AFB9204008FA782 /* TwitchAPIWrapper_Tests.xctest */;
			productType = "com.apple.product-type.bundle.unit-test";
		};
/* End PBXNativeTarget section */

/* Begin PBXProject section */
		607FACC81AFB9204008FA782 /* Project object */ = {
			isa = PBXProject;
			attributes = {
				LastSwiftUpdateCheck = 0830;
				LastUpgradeCheck = 1240;
				ORGANIZATIONNAME = CocoaPods;
				TargetAttributes = {
					607FACCF1AFB9204008FA782 = {
						CreatedOnToolsVersion = 6.3.1;
						DevelopmentTeam = PQ553ZXC6M;
						LastSwiftMigration = 1240;
					};
					607FACE41AFB9204008FA782 = {
						CreatedOnToolsVersion = 6.3.1;
						LastSwiftMigration = 1240;
						TestTargetID = 607FACCF1AFB9204008FA782;
					};
				};
			};
			buildConfigurationList = 607FACCB1AFB9204008FA782 /* Build configuration list for PBXProject "TwitchAPIWrapper" */;
			compatibilityVersion = "Xcode 3.2";
			developmentRegion = en;
			hasScannedForEncodings = 0;
			knownRegions = (
				en,
				Base,
			);
			mainGroup = 607FACC71AFB9204008FA782;
			productRefGroup = 607FACD11AFB9204008FA782 /* Products */;
			projectDirPath = "";
			projectRoot = "";
			targets = (
				607FACCF1AFB9204008FA782 /* TwitchAPIWrapper_Example */,
				607FACE41AFB9204008FA782 /* TwitchAPIWrapper_Tests */,
			);
		};
/* End PBXProject section */

/* Begin PBXResourcesBuildPhase section */
		607FACCE1AFB9204008FA782 /* Resources */ = {
			isa = PBXResourcesBuildPhase;
			buildActionMask = 2147483647;
			files = (
				2E9FD1D82627E12B001BAC99 /* Environment.plist in Resources */,
				607FACDB1AFB9204008FA782 /* Main.storyboard in Resources */,
				607FACE01AFB9204008FA782 /* LaunchScreen.xib in Resources */,
				607FACDD1AFB9204008FA782 /* Images.xcassets in Resources */,
			);
			runOnlyForDeploymentPostprocessing = 0;
		};
		607FACE31AFB9204008FA782 /* Resources */ = {
			isa = PBXResourcesBuildPhase;
			buildActionMask = 2147483647;
			files = (
				2E91ADBC2667307E0058BF70 /* EmptyResponse.json in Resources */,
				2E91ADA8266213380058BF70 /* DeleteVideo.json in Resources */,
				2E91ADA0266203E50058BF70 /* WebhookSubscription.json in Resources */,
				2E91ADAC266496450058BF70 /* UserActiveExtensions.json in Resources */,
				2E91AD9A2661FAA90058BF70 /* Video.json in Resources */,
				2E91ADB626672A1B0058BF70 /* UserExtensions.json in Resources */,
			);
			runOnlyForDeploymentPostprocessing = 0;
		};
/* End PBXResourcesBuildPhase section */

/* Begin PBXShellScriptBuildPhase section */
		739B4F62B045CD728D382EB4 /* [CP] Check Pods Manifest.lock */ = {
			isa = PBXShellScriptBuildPhase;
			buildActionMask = 2147483647;
			files = (
			);
			inputFileListPaths = (
			);
			inputPaths = (
				"${PODS_PODFILE_DIR_PATH}/Podfile.lock",
				"${PODS_ROOT}/Manifest.lock",
			);
			name = "[CP] Check Pods Manifest.lock";
			outputFileListPaths = (
			);
			outputPaths = (
				"$(DERIVED_FILE_DIR)/Pods-TwitchAPIWrapper_Tests-checkManifestLockResult.txt",
			);
			runOnlyForDeploymentPostprocessing = 0;
			shellPath = /bin/sh;
			shellScript = "diff \"${PODS_PODFILE_DIR_PATH}/Podfile.lock\" \"${PODS_ROOT}/Manifest.lock\" > /dev/null\nif [ $? != 0 ] ; then\n    # print error to STDERR\n    echo \"error: The sandbox is not in sync with the Podfile.lock. Run 'pod install' or update your CocoaPods installation.\" >&2\n    exit 1\nfi\n# This output is used by Xcode 'outputs' to avoid re-running this script phase.\necho \"SUCCESS\" > \"${SCRIPT_OUTPUT_FILE_0}\"\n";
			showEnvVarsInLog = 0;
		};
		9C7032338169FD1341B0A753 /* [CP] Check Pods Manifest.lock */ = {
			isa = PBXShellScriptBuildPhase;
			buildActionMask = 2147483647;
			files = (
			);
			inputFileListPaths = (
			);
			inputPaths = (
				"${PODS_PODFILE_DIR_PATH}/Podfile.lock",
				"${PODS_ROOT}/Manifest.lock",
			);
			name = "[CP] Check Pods Manifest.lock";
			outputFileListPaths = (
			);
			outputPaths = (
				"$(DERIVED_FILE_DIR)/Pods-TwitchAPIWrapper_Example-checkManifestLockResult.txt",
			);
			runOnlyForDeploymentPostprocessing = 0;
			shellPath = /bin/sh;
			shellScript = "diff \"${PODS_PODFILE_DIR_PATH}/Podfile.lock\" \"${PODS_ROOT}/Manifest.lock\" > /dev/null\nif [ $? != 0 ] ; then\n    # print error to STDERR\n    echo \"error: The sandbox is not in sync with the Podfile.lock. Run 'pod install' or update your CocoaPods installation.\" >&2\n    exit 1\nfi\n# This output is used by Xcode 'outputs' to avoid re-running this script phase.\necho \"SUCCESS\" > \"${SCRIPT_OUTPUT_FILE_0}\"\n";
			showEnvVarsInLog = 0;
		};
		E3F32910B79791CA17C5C240 /* [CP] Embed Pods Frameworks */ = {
			isa = PBXShellScriptBuildPhase;
			buildActionMask = 2147483647;
			files = (
			);
			inputPaths = (
				"${PODS_ROOT}/Target Support Files/Pods-TwitchAPIWrapper_Example/Pods-TwitchAPIWrapper_Example-frameworks.sh",
				"${BUILT_PRODUCTS_DIR}/KeychainAccess/KeychainAccess.framework",
				"${BUILT_PRODUCTS_DIR}/TwitchAPIWrapper/TwitchAPIWrapper.framework",
			);
			name = "[CP] Embed Pods Frameworks";
			outputPaths = (
				"${TARGET_BUILD_DIR}/${FRAMEWORKS_FOLDER_PATH}/KeychainAccess.framework",
				"${TARGET_BUILD_DIR}/${FRAMEWORKS_FOLDER_PATH}/TwitchAPIWrapper.framework",
			);
			runOnlyForDeploymentPostprocessing = 0;
			shellPath = /bin/sh;
			shellScript = "\"${PODS_ROOT}/Target Support Files/Pods-TwitchAPIWrapper_Example/Pods-TwitchAPIWrapper_Example-frameworks.sh\"\n";
			showEnvVarsInLog = 0;
		};
/* End PBXShellScriptBuildPhase section */

/* Begin PBXSourcesBuildPhase section */
		607FACCC1AFB9204008FA782 /* Sources */ = {
			isa = PBXSourcesBuildPhase;
			buildActionMask = 2147483647;
			files = (
				2E34BC0E263F489900C81949 /* GameViewController.swift in Sources */,
				607FACD81AFB9204008FA782 /* ViewController.swift in Sources */,
				2E9FD0A6261FF85E001BAC99 /* UserViewController.swift in Sources */,
				2E9FD0AA261FF86E001BAC99 /* ClipViewController.swift in Sources */,
				607FACD61AFB9204008FA782 /* AppDelegate.swift in Sources */,
			);
			runOnlyForDeploymentPostprocessing = 0;
		};
		607FACE11AFB9204008FA782 /* Sources */ = {
			isa = PBXSourcesBuildPhase;
			buildActionMask = 2147483647;
			files = (
				2E91AD90265E09F10058BF70 /* XCAssertUtils.swift in Sources */,
				2E91ADB826672F130058BF70 /* UnblockUserRequestTests.swift in Sources */,
				2E91AD9E266203490058BF70 /* WebhookSubscriptionsResponseTests.swift in Sources */,
				607FACEC1AFB9204008FA782 /* VideoRequestTests.swift in Sources */,
				2E91ADBE2667337C0058BF70 /* BlockUserRequestTests.swift in Sources */,
				2E91ADAA266495490058BF70 /* UpdateUserExtensionRequestTests.swift in Sources */,
				2E91AD9C2661FF880058BF70 /* WebhookSubscriptionsRequestTests.swift in Sources */,
				2E91ADAE266496720058BF70 /* UserActiveExtensionResponseTests.swift in Sources */,
				2E91ADB2266728B90058BF70 /* UserExtensionRequestTests.swift in Sources */,
				2E91ADB0266727780058BF70 /* UserActiveExtensionsRequestTests.swift in Sources */,
				2E91ADB4266729AC0058BF70 /* UserExtensionsResponseTests.swift in Sources */,
				2E91AD94265E0A8E0058BF70 /* GetVideoResponseTests.swift in Sources */,
				2E91ADA4266211B40058BF70 /* DeleteVideoResponseTests.swift in Sources */,
				2E91AD972661FA0C0058BF70 /* Fixtures.swift in Sources */,
				2E91ADA22662092D0058BF70 /* DeleteVideoRequestTests.swift in Sources */,
			);
			runOnlyForDeploymentPostprocessing = 0;
		};
/* End PBXSourcesBuildPhase section */

/* Begin PBXTargetDependency section */
		607FACE71AFB9204008FA782 /* PBXTargetDependency */ = {
			isa = PBXTargetDependency;
			target = 607FACCF1AFB9204008FA782 /* TwitchAPIWrapper_Example */;
			targetProxy = 607FACE61AFB9204008FA782 /* PBXContainerItemProxy */;
		};
/* End PBXTargetDependency section */

/* Begin PBXVariantGroup section */
		607FACD91AFB9204008FA782 /* Main.storyboard */ = {
			isa = PBXVariantGroup;
			children = (
				607FACDA1AFB9204008FA782 /* Base */,
			);
			name = Main.storyboard;
			sourceTree = "<group>";
		};
		607FACDE1AFB9204008FA782 /* LaunchScreen.xib */ = {
			isa = PBXVariantGroup;
			children = (
				607FACDF1AFB9204008FA782 /* Base */,
			);
			name = LaunchScreen.xib;
			sourceTree = "<group>";
		};
/* End PBXVariantGroup section */

/* Begin XCBuildConfiguration section */
		607FACED1AFB9204008FA782 /* Debug */ = {
			isa = XCBuildConfiguration;
			buildSettings = {
				ALWAYS_SEARCH_USER_PATHS = NO;
				CLANG_ANALYZER_LOCALIZABILITY_NONLOCALIZED = YES;
				CLANG_CXX_LANGUAGE_STANDARD = "gnu++0x";
				CLANG_CXX_LIBRARY = "libc++";
				CLANG_ENABLE_MODULES = YES;
				CLANG_ENABLE_OBJC_ARC = YES;
				CLANG_WARN_BLOCK_CAPTURE_AUTORELEASING = YES;
				CLANG_WARN_BOOL_CONVERSION = YES;
				CLANG_WARN_COMMA = YES;
				CLANG_WARN_CONSTANT_CONVERSION = YES;
				CLANG_WARN_DEPRECATED_OBJC_IMPLEMENTATIONS = YES;
				CLANG_WARN_DIRECT_OBJC_ISA_USAGE = YES_ERROR;
				CLANG_WARN_EMPTY_BODY = YES;
				CLANG_WARN_ENUM_CONVERSION = YES;
				CLANG_WARN_INFINITE_RECURSION = YES;
				CLANG_WARN_INT_CONVERSION = YES;
				CLANG_WARN_NON_LITERAL_NULL_CONVERSION = YES;
				CLANG_WARN_OBJC_IMPLICIT_RETAIN_SELF = YES;
				CLANG_WARN_OBJC_LITERAL_CONVERSION = YES;
				CLANG_WARN_OBJC_ROOT_CLASS = YES_ERROR;
				CLANG_WARN_QUOTED_INCLUDE_IN_FRAMEWORK_HEADER = YES;
				CLANG_WARN_RANGE_LOOP_ANALYSIS = YES;
				CLANG_WARN_STRICT_PROTOTYPES = YES;
				CLANG_WARN_SUSPICIOUS_MOVE = YES;
				CLANG_WARN_UNREACHABLE_CODE = YES;
				CLANG_WARN__DUPLICATE_METHOD_MATCH = YES;
				"CODE_SIGN_IDENTITY[sdk=iphoneos*]" = "iPhone Developer";
				COPY_PHASE_STRIP = NO;
				DEBUG_INFORMATION_FORMAT = "dwarf-with-dsym";
				ENABLE_STRICT_OBJC_MSGSEND = YES;
				ENABLE_TESTABILITY = YES;
				GCC_C_LANGUAGE_STANDARD = gnu99;
				GCC_DYNAMIC_NO_PIC = NO;
				GCC_NO_COMMON_BLOCKS = YES;
				GCC_OPTIMIZATION_LEVEL = 0;
				GCC_PREPROCESSOR_DEFINITIONS = (
					"DEBUG=1",
					"$(inherited)",
				);
				GCC_SYMBOLS_PRIVATE_EXTERN = NO;
				GCC_WARN_64_TO_32_BIT_CONVERSION = YES;
				GCC_WARN_ABOUT_RETURN_TYPE = YES_ERROR;
				GCC_WARN_UNDECLARED_SELECTOR = YES;
				GCC_WARN_UNINITIALIZED_AUTOS = YES_AGGRESSIVE;
				GCC_WARN_UNUSED_FUNCTION = YES;
				GCC_WARN_UNUSED_VARIABLE = YES;
				IPHONEOS_DEPLOYMENT_TARGET = 14.4;
				MTL_ENABLE_DEBUG_INFO = YES;
				ONLY_ACTIVE_ARCH = YES;
				SDKROOT = iphoneos;
				SWIFT_OPTIMIZATION_LEVEL = "-Onone";
			};
			name = Debug;
		};
		607FACEE1AFB9204008FA782 /* Release */ = {
			isa = XCBuildConfiguration;
			buildSettings = {
				ALWAYS_SEARCH_USER_PATHS = NO;
				CLANG_ANALYZER_LOCALIZABILITY_NONLOCALIZED = YES;
				CLANG_CXX_LANGUAGE_STANDARD = "gnu++0x";
				CLANG_CXX_LIBRARY = "libc++";
				CLANG_ENABLE_MODULES = YES;
				CLANG_ENABLE_OBJC_ARC = YES;
				CLANG_WARN_BLOCK_CAPTURE_AUTORELEASING = YES;
				CLANG_WARN_BOOL_CONVERSION = YES;
				CLANG_WARN_COMMA = YES;
				CLANG_WARN_CONSTANT_CONVERSION = YES;
				CLANG_WARN_DEPRECATED_OBJC_IMPLEMENTATIONS = YES;
				CLANG_WARN_DIRECT_OBJC_ISA_USAGE = YES_ERROR;
				CLANG_WARN_EMPTY_BODY = YES;
				CLANG_WARN_ENUM_CONVERSION = YES;
				CLANG_WARN_INFINITE_RECURSION = YES;
				CLANG_WARN_INT_CONVERSION = YES;
				CLANG_WARN_NON_LITERAL_NULL_CONVERSION = YES;
				CLANG_WARN_OBJC_IMPLICIT_RETAIN_SELF = YES;
				CLANG_WARN_OBJC_LITERAL_CONVERSION = YES;
				CLANG_WARN_OBJC_ROOT_CLASS = YES_ERROR;
				CLANG_WARN_QUOTED_INCLUDE_IN_FRAMEWORK_HEADER = YES;
				CLANG_WARN_RANGE_LOOP_ANALYSIS = YES;
				CLANG_WARN_STRICT_PROTOTYPES = YES;
				CLANG_WARN_SUSPICIOUS_MOVE = YES;
				CLANG_WARN_UNREACHABLE_CODE = YES;
				CLANG_WARN__DUPLICATE_METHOD_MATCH = YES;
				"CODE_SIGN_IDENTITY[sdk=iphoneos*]" = "iPhone Developer";
				COPY_PHASE_STRIP = NO;
				DEBUG_INFORMATION_FORMAT = "dwarf-with-dsym";
				ENABLE_NS_ASSERTIONS = NO;
				ENABLE_STRICT_OBJC_MSGSEND = YES;
				GCC_C_LANGUAGE_STANDARD = gnu99;
				GCC_NO_COMMON_BLOCKS = YES;
				GCC_WARN_64_TO_32_BIT_CONVERSION = YES;
				GCC_WARN_ABOUT_RETURN_TYPE = YES_ERROR;
				GCC_WARN_UNDECLARED_SELECTOR = YES;
				GCC_WARN_UNINITIALIZED_AUTOS = YES_AGGRESSIVE;
				GCC_WARN_UNUSED_FUNCTION = YES;
				GCC_WARN_UNUSED_VARIABLE = YES;
				IPHONEOS_DEPLOYMENT_TARGET = 14.4;
				MTL_ENABLE_DEBUG_INFO = NO;
				SDKROOT = iphoneos;
				SWIFT_OPTIMIZATION_LEVEL = "-Owholemodule";
				VALIDATE_PRODUCT = YES;
			};
			name = Release;
		};
		607FACF01AFB9204008FA782 /* Debug */ = {
			isa = XCBuildConfiguration;
			baseConfigurationReference = 9520778B27EDACE7ACEC8FE8 /* Pods-TwitchAPIWrapper_Example.debug.xcconfig */;
			buildSettings = {
				ASSETCATALOG_COMPILER_APPICON_NAME = AppIcon;
				DEVELOPMENT_TEAM = PQ553ZXC6M;
				INFOPLIST_FILE = TwitchAPIWrapper/Info.plist;
				LD_RUNPATH_SEARCH_PATHS = "$(inherited) @executable_path/Frameworks";
				MODULE_NAME = ExampleApp;
				PRODUCT_BUNDLE_IDENTIFIER = "org.cocoapods.demo.$(PRODUCT_NAME:rfc1034identifier)";
				PRODUCT_NAME = "$(TARGET_NAME)";
				SWIFT_SWIFT3_OBJC_INFERENCE = Default;
				SWIFT_VERSION = 5.0;
			};
			name = Debug;
		};
		607FACF11AFB9204008FA782 /* Release */ = {
			isa = XCBuildConfiguration;
			baseConfigurationReference = 2620FEBC22D18AF6A8B9A910 /* Pods-TwitchAPIWrapper_Example.release.xcconfig */;
			buildSettings = {
				ASSETCATALOG_COMPILER_APPICON_NAME = AppIcon;
				DEVELOPMENT_TEAM = PQ553ZXC6M;
				INFOPLIST_FILE = TwitchAPIWrapper/Info.plist;
				LD_RUNPATH_SEARCH_PATHS = "$(inherited) @executable_path/Frameworks";
				MODULE_NAME = ExampleApp;
				PRODUCT_BUNDLE_IDENTIFIER = "org.cocoapods.demo.$(PRODUCT_NAME:rfc1034identifier)";
				PRODUCT_NAME = "$(TARGET_NAME)";
				SWIFT_SWIFT3_OBJC_INFERENCE = Default;
				SWIFT_VERSION = 5.0;
			};
			name = Release;
		};
		607FACF31AFB9204008FA782 /* Debug */ = {
			isa = XCBuildConfiguration;
			baseConfigurationReference = AEA0B669A3D9F2BF4E7EF213 /* Pods-TwitchAPIWrapper_Tests.debug.xcconfig */;
			buildSettings = {
				FRAMEWORK_SEARCH_PATHS = (
					"$(PLATFORM_DIR)/Developer/Library/Frameworks",
					"$(inherited)",
				);
				GCC_PREPROCESSOR_DEFINITIONS = (
					"DEBUG=1",
					"$(inherited)",
				);
				INFOPLIST_FILE = Tests/Info.plist;
				LD_RUNPATH_SEARCH_PATHS = "$(inherited) @executable_path/Frameworks @loader_path/Frameworks";
				PRODUCT_BUNDLE_IDENTIFIER = "org.cocoapods.$(PRODUCT_NAME:rfc1034identifier)";
				PRODUCT_NAME = "$(TARGET_NAME)";
				SWIFT_SWIFT3_OBJC_INFERENCE = Default;
				SWIFT_VERSION = 5.0;
				TEST_HOST = "$(BUILT_PRODUCTS_DIR)/TwitchAPIWrapper_Example.app/TwitchAPIWrapper_Example";
			};
			name = Debug;
		};
		607FACF41AFB9204008FA782 /* Release */ = {
			isa = XCBuildConfiguration;
			baseConfigurationReference = 6F44EBA0CE77D26A7F6A9BE2 /* Pods-TwitchAPIWrapper_Tests.release.xcconfig */;
			buildSettings = {
				FRAMEWORK_SEARCH_PATHS = (
					"$(PLATFORM_DIR)/Developer/Library/Frameworks",
					"$(inherited)",
				);
				INFOPLIST_FILE = Tests/Info.plist;
				LD_RUNPATH_SEARCH_PATHS = "$(inherited) @executable_path/Frameworks @loader_path/Frameworks";
				PRODUCT_BUNDLE_IDENTIFIER = "org.cocoapods.$(PRODUCT_NAME:rfc1034identifier)";
				PRODUCT_NAME = "$(TARGET_NAME)";
				SWIFT_SWIFT3_OBJC_INFERENCE = Default;
				SWIFT_VERSION = 5.0;
				TEST_HOST = "$(BUILT_PRODUCTS_DIR)/TwitchAPIWrapper_Example.app/TwitchAPIWrapper_Example";
			};
			name = Release;
		};
/* End XCBuildConfiguration section */

/* Begin XCConfigurationList section */
		607FACCB1AFB9204008FA782 /* Build configuration list for PBXProject "TwitchAPIWrapper" */ = {
			isa = XCConfigurationList;
			buildConfigurations = (
				607FACED1AFB9204008FA782 /* Debug */,
				607FACEE1AFB9204008FA782 /* Release */,
			);
			defaultConfigurationIsVisible = 0;
			defaultConfigurationName = Release;
		};
		607FACEF1AFB9204008FA782 /* Build configuration list for PBXNativeTarget "TwitchAPIWrapper_Example" */ = {
			isa = XCConfigurationList;
			buildConfigurations = (
				607FACF01AFB9204008FA782 /* Debug */,
				607FACF11AFB9204008FA782 /* Release */,
			);
			defaultConfigurationIsVisible = 0;
			defaultConfigurationName = Release;
		};
		607FACF21AFB9204008FA782 /* Build configuration list for PBXNativeTarget "TwitchAPIWrapper_Tests" */ = {
			isa = XCConfigurationList;
			buildConfigurations = (
				607FACF31AFB9204008FA782 /* Debug */,
				607FACF41AFB9204008FA782 /* Release */,
			);
			defaultConfigurationIsVisible = 0;
			defaultConfigurationName = Release;
		};
/* End XCConfigurationList section */
	};
	rootObject = 607FACC81AFB9204008FA782 /* Project object */;
}
