// !$*UTF8*$!
{
	archiveVersion = 1;
	classes = {
	};
	objectVersion = 46;
	objects = {

/* Begin PBXBuildFile section */
		D41C20461DB17687004239A7 /* TwitchAPIWrapper.framework in Frameworks */ = {isa = PBXBuildFile; fileRef = D41C20451DB17687004239A7 /* TwitchAPIWrapper.framework */; };
		D41C20471DB17687004239A7 /* TwitchAPIWrapper.framework in Embed Frameworks */ = {isa = PBXBuildFile; fileRef = D41C20451DB17687004239A7 /* TwitchAPIWrapper.framework */; settings = {ATTRIBUTES = (CodeSignOnCopy, RemoveHeadersOnCopy, ); }; };
		D45A0C3A1DAD49DB004F5056 /* AppDelegate.swift in Sources */ = {isa = PBXBuildFile; fileRef = D45A0C391DAD49DB004F5056 /* AppDelegate.swift */; };
		D45A0C3C1DAD49DB004F5056 /* ViewController.swift in Sources */ = {isa = PBXBuildFile; fileRef = D45A0C3B1DAD49DB004F5056 /* ViewController.swift */; };
		D45A0C3F1DAD49DB004F5056 /* Main.storyboard in Resources */ = {isa = PBXBuildFile; fileRef = D45A0C3D1DAD49DB004F5056 /* Main.storyboard */; };
		D45A0C411DAD49DB004F5056 /* Assets.xcassets in Resources */ = {isa = PBXBuildFile; fileRef = D45A0C401DAD49DB004F5056 /* Assets.xcassets */; };
		D45A0C441DAD49DB004F5056 /* LaunchScreen.storyboard in Resources */ = {isa = PBXBuildFile; fileRef = D45A0C421DAD49DB004F5056 /* LaunchScreen.storyboard */; };
		D45A0C4F1DAD49DB004F5056 /* ExampleUITests.swift in Sources */ = {isa = PBXBuildFile; fileRef = D45A0C4E1DAD49DB004F5056 /* ExampleUITests.swift */; };
		D4BA4C3B1DAEB71500844331 /* Environment.plist in Resources */ = {isa = PBXBuildFile; fileRef = D4BA4C3A1DAEB71500844331 /* Environment.plist */; };
/* End PBXBuildFile section */

/* Begin PBXContainerItemProxy section */
		D45A0C4B1DAD49DB004F5056 /* PBXContainerItemProxy */ = {
			isa = PBXContainerItemProxy;
			containerPortal = D45A0C2E1DAD49DB004F5056 /* Project object */;
			proxyType = 1;
			remoteGlobalIDString = D45A0C351DAD49DB004F5056;
			remoteInfo = Example;
		};
/* End PBXContainerItemProxy section */

/* Begin PBXCopyFilesBuildPhase section */
		D41C20481DB17687004239A7 /* Embed Frameworks */ = {
			isa = PBXCopyFilesBuildPhase;
			buildActionMask = 2147483647;
			dstPath = "";
			dstSubfolderSpec = 10;
			files = (
				D41C20471DB17687004239A7 /* TwitchAPIWrapper.framework in Embed Frameworks */,
			);
			name = "Embed Frameworks";
			runOnlyForDeploymentPostprocessing = 0;
		};
/* End PBXCopyFilesBuildPhase section */

/* Begin PBXFileReference section */
		D41C20451DB17687004239A7 /* TwitchAPIWrapper.framework */ = {isa = PBXFileReference; lastKnownFileType = wrapper.framework; path = TwitchAPIWrapper.framework; sourceTree = "<group>"; };
		D45A0C361DAD49DB004F5056 /* Example.app */ = {isa = PBXFileReference; explicitFileType = wrapper.application; includeInIndex = 0; path = Example.app; sourceTree = BUILT_PRODUCTS_DIR; };
		D45A0C391DAD49DB004F5056 /* AppDelegate.swift */ = {isa = PBXFileReference; lastKnownFileType = sourcecode.swift; path = AppDelegate.swift; sourceTree = "<group>"; };
		D45A0C3B1DAD49DB004F5056 /* ViewController.swift */ = {isa = PBXFileReference; lastKnownFileType = sourcecode.swift; path = ViewController.swift; sourceTree = "<group>"; };
		D45A0C3E1DAD49DB004F5056 /* Base */ = {isa = PBXFileReference; lastKnownFileType = file.storyboard; name = Base; path = Base.lproj/Main.storyboard; sourceTree = "<group>"; };
		D45A0C401DAD49DB004F5056 /* Assets.xcassets */ = {isa = PBXFileReference; lastKnownFileType = folder.assetcatalog; path = Assets.xcassets; sourceTree = "<group>"; };
		D45A0C431DAD49DB004F5056 /* Base */ = {isa = PBXFileReference; lastKnownFileType = file.storyboard; name = Base; path = Base.lproj/LaunchScreen.storyboard; sourceTree = "<group>"; };
		D45A0C451DAD49DB004F5056 /* Info.plist */ = {isa = PBXFileReference; lastKnownFileType = text.plist.xml; path = Info.plist; sourceTree = "<group>"; };
		D45A0C4A1DAD49DB004F5056 /* ExampleUITests.xctest */ = {isa = PBXFileReference; explicitFileType = wrapper.cfbundle; includeInIndex = 0; path = ExampleUITests.xctest; sourceTree = BUILT_PRODUCTS_DIR; };
		D45A0C4E1DAD49DB004F5056 /* ExampleUITests.swift */ = {isa = PBXFileReference; lastKnownFileType = sourcecode.swift; path = ExampleUITests.swift; sourceTree = "<group>"; };
		D45A0C501DAD49DC004F5056 /* Info.plist */ = {isa = PBXFileReference; lastKnownFileType = text.plist.xml; path = Info.plist; sourceTree = "<group>"; };
		D4BA4C3A1DAEB71500844331 /* Environment.plist */ = {isa = PBXFileReference; fileEncoding = 4; lastKnownFileType = text.plist.xml; path = Environment.plist; sourceTree = "<group>"; };
		D4BA4C8C1DB01DDB00844331 /* Example.entitlements */ = {isa = PBXFileReference; lastKnownFileType = text.plist.entitlements; path = Example.entitlements; sourceTree = "<group>"; };
/* End PBXFileReference section */

/* Begin PBXFrameworksBuildPhase section */
		D45A0C331DAD49DB004F5056 /* Frameworks */ = {
			isa = PBXFrameworksBuildPhase;
			buildActionMask = 2147483647;
			files = (
				D41C20461DB17687004239A7 /* TwitchAPIWrapper.framework in Frameworks */,
			);
			runOnlyForDeploymentPostprocessing = 0;
		};
		D45A0C471DAD49DB004F5056 /* Frameworks */ = {
			isa = PBXFrameworksBuildPhase;
			buildActionMask = 2147483647;
			files = (
			);
			runOnlyForDeploymentPostprocessing = 0;
		};
/* End PBXFrameworksBuildPhase section */

/* Begin PBXGroup section */
		D45A0C2D1DAD49DB004F5056 = {
			isa = PBXGroup;
			children = (
				D41C20451DB17687004239A7 /* TwitchAPIWrapper.framework */,
				D45A0C381DAD49DB004F5056 /* Example */,
				D45A0C4D1DAD49DB004F5056 /* ExampleUITests */,
				D45A0C371DAD49DB004F5056 /* Products */,
				D45A0CAD1DAD5A83004F5056 /* Frameworks */,
			);
			sourceTree = "<group>";
		};
		D45A0C371DAD49DB004F5056 /* Products */ = {
			isa = PBXGroup;
			children = (
				D45A0C361DAD49DB004F5056 /* Example.app */,
				D45A0C4A1DAD49DB004F5056 /* ExampleUITests.xctest */,
			);
			name = Products;
			sourceTree = "<group>";
		};
		D45A0C381DAD49DB004F5056 /* Example */ = {
			isa = PBXGroup;
			children = (
				D4BA4C8C1DB01DDB00844331 /* Example.entitlements */,
				D45A0C391DAD49DB004F5056 /* AppDelegate.swift */,
				D45A0C3B1DAD49DB004F5056 /* ViewController.swift */,
				D45A0C3D1DAD49DB004F5056 /* Main.storyboard */,
				D45A0C401DAD49DB004F5056 /* Assets.xcassets */,
				D45A0C421DAD49DB004F5056 /* LaunchScreen.storyboard */,
				D45A0C451DAD49DB004F5056 /* Info.plist */,
				D4BA4C3A1DAEB71500844331 /* Environment.plist */,
			);
			path = Example;
			sourceTree = "<group>";
		};
		D45A0C4D1DAD49DB004F5056 /* ExampleUITests */ = {
			isa = PBXGroup;
			children = (
				D45A0C4E1DAD49DB004F5056 /* ExampleUITests.swift */,
				D45A0C501DAD49DC004F5056 /* Info.plist */,
			);
			path = ExampleUITests;
			sourceTree = "<group>";
		};
		D45A0CAD1DAD5A83004F5056 /* Frameworks */ = {
			isa = PBXGroup;
			children = (
			);
			name = Frameworks;
			sourceTree = "<group>";
		};
/* End PBXGroup section */

/* Begin PBXNativeTarget section */
		D45A0C351DAD49DB004F5056 /* Example */ = {
			isa = PBXNativeTarget;
			buildConfigurationList = D45A0C531DAD49DC004F5056 /* Build configuration list for PBXNativeTarget "Example" */;
			buildPhases = (
				D45A0C321DAD49DB004F5056 /* Sources */,
				D45A0C331DAD49DB004F5056 /* Frameworks */,
				D45A0C341DAD49DB004F5056 /* Resources */,
				D41C20481DB17687004239A7 /* Embed Frameworks */,
			);
			buildRules = (
			);
			dependencies = (
			);
			name = Example;
			productName = Example;
			productReference = D45A0C361DAD49DB004F5056 /* Example.app */;
			productType = "com.apple.product-type.application";
		};
		D45A0C491DAD49DB004F5056 /* ExampleUITests */ = {
			isa = PBXNativeTarget;
			buildConfigurationList = D45A0C561DAD49DC004F5056 /* Build configuration list for PBXNativeTarget "ExampleUITests" */;
			buildPhases = (
				D45A0C461DAD49DB004F5056 /* Sources */,
				D45A0C471DAD49DB004F5056 /* Frameworks */,
				D45A0C481DAD49DB004F5056 /* Resources */,
			);
			buildRules = (
			);
			dependencies = (
				D45A0C4C1DAD49DB004F5056 /* PBXTargetDependency */,
			);
			name = ExampleUITests;
			productName = ExampleUITests;
			productReference = D45A0C4A1DAD49DB004F5056 /* ExampleUITests.xctest */;
			productType = "com.apple.product-type.bundle.ui-testing";
		};
/* End PBXNativeTarget section */

/* Begin PBXProject section */
		D45A0C2E1DAD49DB004F5056 /* Project object */ = {
			isa = PBXProject;
			attributes = {
				LastSwiftUpdateCheck = 0800;
				LastUpgradeCheck = 0800;
				ORGANIZATIONNAME = "Eric Vennaro";
				TargetAttributes = {
					D45A0C351DAD49DB004F5056 = {
						CreatedOnToolsVersion = 8.0;
						DevelopmentTeam = 62LB893NNW;
						ProvisioningStyle = Automatic;
						SystemCapabilities = {
							com.apple.Keychain = {
								enabled = 1;
							};
						};
					};
					D45A0C491DAD49DB004F5056 = {
						CreatedOnToolsVersion = 8.0;
						DevelopmentTeam = 62LB893NNW;
						ProvisioningStyle = Automatic;
						TestTargetID = D45A0C351DAD49DB004F5056;
					};
				};
			};
			buildConfigurationList = D45A0C311DAD49DB004F5056 /* Build configuration list for PBXProject "Example" */;
			compatibilityVersion = "Xcode 3.2";
			developmentRegion = English;
			hasScannedForEncodings = 0;
			knownRegions = (
				en,
				Base,
			);
			mainGroup = D45A0C2D1DAD49DB004F5056;
			productRefGroup = D45A0C371DAD49DB004F5056 /* Products */;
			projectDirPath = "";
			projectRoot = "";
			targets = (
				D45A0C351DAD49DB004F5056 /* Example */,
				D45A0C491DAD49DB004F5056 /* ExampleUITests */,
			);
		};
/* End PBXProject section */

/* Begin PBXResourcesBuildPhase section */
		D45A0C341DAD49DB004F5056 /* Resources */ = {
			isa = PBXResourcesBuildPhase;
			buildActionMask = 2147483647;
			files = (
				D4BA4C3B1DAEB71500844331 /* Environment.plist in Resources */,
				D45A0C441DAD49DB004F5056 /* LaunchScreen.storyboard in Resources */,
				D45A0C411DAD49DB004F5056 /* Assets.xcassets in Resources */,
				D45A0C3F1DAD49DB004F5056 /* Main.storyboard in Resources */,
			);
			runOnlyForDeploymentPostprocessing = 0;
		};
		D45A0C481DAD49DB004F5056 /* Resources */ = {
			isa = PBXResourcesBuildPhase;
			buildActionMask = 2147483647;
			files = (
			);
			runOnlyForDeploymentPostprocessing = 0;
		};
/* End PBXResourcesBuildPhase section */

/* Begin PBXSourcesBuildPhase section */
		D45A0C321DAD49DB004F5056 /* Sources */ = {
			isa = PBXSourcesBuildPhase;
			buildActionMask = 2147483647;
			files = (
				D45A0C3C1DAD49DB004F5056 /* ViewController.swift in Sources */,
				D45A0C3A1DAD49DB004F5056 /* AppDelegate.swift in Sources */,
			);
			runOnlyForDeploymentPostprocessing = 0;
		};
		D45A0C461DAD49DB004F5056 /* Sources */ = {
			isa = PBXSourcesBuildPhase;
			buildActionMask = 2147483647;
			files = (
				D45A0C4F1DAD49DB004F5056 /* ExampleUITests.swift in Sources */,
			);
			runOnlyForDeploymentPostprocessing = 0;
		};
/* End PBXSourcesBuildPhase section */

/* Begin PBXTargetDependency section */
		D45A0C4C1DAD49DB004F5056 /* PBXTargetDependency */ = {
			isa = PBXTargetDependency;
			target = D45A0C351DAD49DB004F5056 /* Example */;
			targetProxy = D45A0C4B1DAD49DB004F5056 /* PBXContainerItemProxy */;
		};
/* End PBXTargetDependency section */

/* Begin PBXVariantGroup section */
		D45A0C3D1DAD49DB004F5056 /* Main.storyboard */ = {
			isa = PBXVariantGroup;
			children = (
				D45A0C3E1DAD49DB004F5056 /* Base */,
			);
			name = Main.storyboard;
			sourceTree = "<group>";
		};
		D45A0C421DAD49DB004F5056 /* LaunchScreen.storyboard */ = {
			isa = PBXVariantGroup;
			children = (
				D45A0C431DAD49DB004F5056 /* Base */,
			);
			name = LaunchScreen.storyboard;
			sourceTree = "<group>";
		};
/* End PBXVariantGroup section */

/* Begin XCBuildConfiguration section */
		D45A0C511DAD49DC004F5056 /* Debug */ = {
			isa = XCBuildConfiguration;
			buildSettings = {
				ALWAYS_SEARCH_USER_PATHS = NO;
				CLANG_ANALYZER_NONNULL = YES;
				CLANG_CXX_LANGUAGE_STANDARD = "gnu++0x";
				CLANG_CXX_LIBRARY = "libc++";
				CLANG_ENABLE_MODULES = YES;
				CLANG_ENABLE_OBJC_ARC = YES;
				CLANG_WARN_BOOL_CONVERSION = YES;
				CLANG_WARN_CONSTANT_CONVERSION = YES;
				CLANG_WARN_DIRECT_OBJC_ISA_USAGE = YES_ERROR;
				CLANG_WARN_DOCUMENTATION_COMMENTS = YES;
				CLANG_WARN_EMPTY_BODY = YES;
				CLANG_WARN_ENUM_CONVERSION = YES;
				CLANG_WARN_INFINITE_RECURSION = YES;
				CLANG_WARN_INT_CONVERSION = YES;
				CLANG_WARN_OBJC_ROOT_CLASS = YES_ERROR;
				CLANG_WARN_SUSPICIOUS_MOVES = YES;
				CLANG_WARN_UNREACHABLE_CODE = YES;
				CLANG_WARN__DUPLICATE_METHOD_MATCH = YES;
				"CODE_SIGN_IDENTITY[sdk=iphoneos*]" = "iPhone Developer";
				COPY_PHASE_STRIP = NO;
				DEBUG_INFORMATION_FORMAT = dwarf;
				ENABLE_STRICT_OBJC_MSGSEND = YES;
				ENABLE_TESTABILITY = YES;
				GCC_C_LANGUAGE_STANDARD = gnu99;
				GCC_DYNAMIC_NO_PIC = NO;
				GCC_NO_COMMON_BLOCKS = YES;
				GCC_OPTIMIZATION_LEVEL = 0;
				GCC_PREPROCESSOR_DEFINITIONS = (
					"DEBUG=1",
					"$(inherited)",
				);
				GCC_WARN_64_TO_32_BIT_CONVERSION = YES;
				GCC_WARN_ABOUT_RETURN_TYPE = YES_ERROR;
				GCC_WARN_UNDECLARED_SELECTOR = YES;
				GCC_WARN_UNINITIALIZED_AUTOS = YES_AGGRESSIVE;
				GCC_WARN_UNUSED_FUNCTION = YES;
				GCC_WARN_UNUSED_VARIABLE = YES;
				IPHONEOS_DEPLOYMENT_TARGET = 10.0;
				MTL_ENABLE_DEBUG_INFO = YES;
				ONLY_ACTIVE_ARCH = YES;
				SDKROOT = iphoneos;
				SWIFT_ACTIVE_COMPILATION_CONDITIONS = DEBUG;
				SWIFT_OPTIMIZATION_LEVEL = "-Onone";
				TARGETED_DEVICE_FAMILY = "1,2";
			};
			name = Debug;
		};
		D45A0C521DAD49DC004F5056 /* Release */ = {
			isa = XCBuildConfiguration;
			buildSettings = {
				ALWAYS_SEARCH_USER_PATHS = NO;
				CLANG_ANALYZER_NONNULL = YES;
				CLANG_CXX_LANGUAGE_STANDARD = "gnu++0x";
				CLANG_CXX_LIBRARY = "libc++";
				CLANG_ENABLE_MODULES = YES;
				CLANG_ENABLE_OBJC_ARC = YES;
				CLANG_WARN_BOOL_CONVERSION = YES;
				CLANG_WARN_CONSTANT_CONVERSION = YES;
				CLANG_WARN_DIRECT_OBJC_ISA_USAGE = YES_ERROR;
				CLANG_WARN_DOCUMENTATION_COMMENTS = YES;
				CLANG_WARN_EMPTY_BODY = YES;
				CLANG_WARN_ENUM_CONVERSION = YES;
				CLANG_WARN_INFINITE_RECURSION = YES;
				CLANG_WARN_INT_CONVERSION = YES;
				CLANG_WARN_OBJC_ROOT_CLASS = YES_ERROR;
				CLANG_WARN_SUSPICIOUS_MOVES = YES;
				CLANG_WARN_UNREACHABLE_CODE = YES;
				CLANG_WARN__DUPLICATE_METHOD_MATCH = YES;
				"CODE_SIGN_IDENTITY[sdk=iphoneos*]" = "iPhone Developer";
				COPY_PHASE_STRIP = NO;
				DEBUG_INFORMATION_FORMAT = "dwarf-with-dsym";
				ENABLE_NS_ASSERTIONS = NO;
				ENABLE_STRICT_OBJC_MSGSEND = YES;
				GCC_C_LANGUAGE_STANDARD = gnu99;
				GCC_NO_COMMON_BLOCKS = YES;
				GCC_WARN_64_TO_32_BIT_CONVERSION = YES;
				GCC_WARN_ABOUT_RETURN_TYPE = YES_ERROR;
				GCC_WARN_UNDECLARED_SELECTOR = YES;
				GCC_WARN_UNINITIALIZED_AUTOS = YES_AGGRESSIVE;
				GCC_WARN_UNUSED_FUNCTION = YES;
				GCC_WARN_UNUSED_VARIABLE = YES;
				IPHONEOS_DEPLOYMENT_TARGET = 10.0;
				MTL_ENABLE_DEBUG_INFO = NO;
				SDKROOT = iphoneos;
				SWIFT_OPTIMIZATION_LEVEL = "-Owholemodule";
				TARGETED_DEVICE_FAMILY = "1,2";
				VALIDATE_PRODUCT = YES;
			};
			name = Release;
		};
		D45A0C541DAD49DC004F5056 /* Debug */ = {
			isa = XCBuildConfiguration;
			buildSettings = {
				ASSETCATALOG_COMPILER_APPICON_NAME = AppIcon;
				CODE_SIGN_ENTITLEMENTS = Example/Example.entitlements;
				DEVELOPMENT_TEAM = 62LB893NNW;
				FRAMEWORK_SEARCH_PATHS = (
					"$(inherited)",
					"$(PROJECT_DIR)",
				);
				INFOPLIST_FILE = Example/Info.plist;
				LD_RUNPATH_SEARCH_PATHS = "$(inherited) @executable_path/Frameworks";
				PRODUCT_BUNDLE_IDENTIFIER = com.vennaro.twitchWrapper.Example;
				PRODUCT_NAME = "$(TARGET_NAME)";
				SWIFT_VERSION = 3.0;
			};
			name = Debug;
		};
		D45A0C551DAD49DC004F5056 /* Release */ = {
			isa = XCBuildConfiguration;
			buildSettings = {
				ASSETCATALOG_COMPILER_APPICON_NAME = AppIcon;
				CODE_SIGN_ENTITLEMENTS = Example/Example.entitlements;
				DEVELOPMENT_TEAM = 62LB893NNW;
				FRAMEWORK_SEARCH_PATHS = (
					"$(inherited)",
					"$(PROJECT_DIR)",
				);
				INFOPLIST_FILE = Example/Info.plist;
				LD_RUNPATH_SEARCH_PATHS = "$(inherited) @executable_path/Frameworks";
				PRODUCT_BUNDLE_IDENTIFIER = com.vennaro.twitchWrapper.Example;
				PRODUCT_NAME = "$(TARGET_NAME)";
				SWIFT_VERSION = 3.0;
			};
			name = Release;
		};
		D45A0C571DAD49DC004F5056 /* Debug */ = {
			isa = XCBuildConfiguration;
			buildSettings = {
				ALWAYS_EMBED_SWIFT_STANDARD_LIBRARIES = YES;
				DEVELOPMENT_TEAM = 62LB893NNW;
				INFOPLIST_FILE = ExampleUITests/Info.plist;
				LD_RUNPATH_SEARCH_PATHS = "$(inherited) @executable_path/Frameworks @loader_path/Frameworks";
				PRODUCT_BUNDLE_IDENTIFIER = com.vennaro.twitchWrapper.ExampleUITests;
				PRODUCT_NAME = "$(TARGET_NAME)";
				SWIFT_VERSION = 3.0;
				TEST_TARGET_NAME = Example;
			};
			name = Debug;
		};
		D45A0C581DAD49DC004F5056 /* Release */ = {
			isa = XCBuildConfiguration;
			buildSettings = {
				ALWAYS_EMBED_SWIFT_STANDARD_LIBRARIES = YES;
				DEVELOPMENT_TEAM = 62LB893NNW;
				INFOPLIST_FILE = ExampleUITests/Info.plist;
				LD_RUNPATH_SEARCH_PATHS = "$(inherited) @executable_path/Frameworks @loader_path/Frameworks";
				PRODUCT_BUNDLE_IDENTIFIER = com.vennaro.twitchWrapper.ExampleUITests;
				PRODUCT_NAME = "$(TARGET_NAME)";
				SWIFT_VERSION = 3.0;
				TEST_TARGET_NAME = Example;
			};
			name = Release;
		};
/* End XCBuildConfiguration section */

/* Begin XCConfigurationList section */
		D45A0C311DAD49DB004F5056 /* Build configuration list for PBXProject "Example" */ = {
			isa = XCConfigurationList;
			buildConfigurations = (
				D45A0C511DAD49DC004F5056 /* Debug */,
				D45A0C521DAD49DC004F5056 /* Release */,
			);
			defaultConfigurationIsVisible = 0;
			defaultConfigurationName = Release;
		};
		D45A0C531DAD49DC004F5056 /* Build configuration list for PBXNativeTarget "Example" */ = {
			isa = XCConfigurationList;
			buildConfigurations = (
				D45A0C541DAD49DC004F5056 /* Debug */,
				D45A0C551DAD49DC004F5056 /* Release */,
			);
			defaultConfigurationIsVisible = 0;
			defaultConfigurationName = Release;
		};
		D45A0C561DAD49DC004F5056 /* Build configuration list for PBXNativeTarget "ExampleUITests" */ = {
			isa = XCConfigurationList;
			buildConfigurations = (
				D45A0C571DAD49DC004F5056 /* Debug */,
				D45A0C581DAD49DC004F5056 /* Release */,
			);
			defaultConfigurationIsVisible = 0;
			defaultConfigurationName = Release;
		};
/* End XCConfigurationList section */
	};
	rootObject = D45A0C2E1DAD49DB004F5056 /* Project object */;
}
